
Microsoft Visual Studio Solution File, Format Version 12.00
# Visual Studio 14
VisualStudioVersion = 14.0.25420.1
MinimumVisualStudioVersion = 10.0.40219.1
Project("{FAE04EC0-301F-11D3-BF4B-00C04F79EFBC}") = "RSSProject", "RSSProject\RSSProject.csproj", "{4FBF0B7A-E589-44E4-AEB0-CD888D9034DE}"
EndProject
Global
	GlobalSection(SolutionConfigurationPlatforms) = preSolution
		Debug|Any CPU = Debug|Any CPU
		Release|Any CPU = Release|Any CPU
	EndGlobalSection
	GlobalSection(ProjectConfigurationPlatforms) = postSolution
		{4FBF0B7A-E589-44E4-AEB0-CD888D9034DE}.Debug|Any CPU.ActiveCfg = Debug|Any CPU
		{4FBF0B7A-E589-44E4-AEB0-CD888D9034DE}.Debug|Any CPU.Build.0 = Debug|Any CPU
		{4FBF0B7A-E589-44E4-AEB0-CD888D9034DE}.Release|Any CPU.ActiveCfg = Release|Any CPU
		{4FBF0B7A-E589-44E4-AEB0-CD888D9034DE}.Release|Any CPU.Build.0 = Release|Any CPU
	EndGlobalSection
	GlobalSection(SolutionProperties) = preSolution
		HideSolutionNode = FALSE
	EndGlobalSection
EndGlobal
